{
  "requires": true,
  "lockfileVersion": 1,
  "dependencies": {
    "vue": {
      "version": "2.5.17",
      "resolved": "http://registry.npm.taobao.org/vue/download/vue-2.5.17.tgz",
      "integrity": "sha1-D4eJrXGL5oyhhyYpgy7VM1icato="
    },
    "vue-tinymce": {
      "version": "1.0.5",
      "resolved": "http://registry.npm.taobao.org/vue-tinymce/download/vue-tinymce-1.0.5.tgz",
      "integrity": "sha1-AnATkcVgF+04LVAlyvhggQ4eiK4=",
      "requires": {
        "vue": "^2.1.10"
      }
    }
  }
}
